
Microsoft Visual Studio Solution File, Format Version 12.00
# Visual Studio Version 17
VisualStudioVersion = 17.6.33815.320
MinimumVisualStudioVersion = 10.0.40219.1
Project("{FAE04EC0-301F-11D3-BF4B-00C04F79EFBC}") = "dress-rent", "dress-rent\dress-rent.csproj", "{433068DD-F88E-4080-B2D2-9E4327E3FD90}"
EndProject
Global
	GlobalSection(SolutionConfigurationPlatforms) = preSolution
		Debug|Any CPU = Debug|Any CPU
		Release|Any CPU = Release|Any CPU
	EndGlobalSection
	GlobalSection(ProjectConfigurationPlatforms) = postSolution
		{433068DD-F88E-4080-B2D2-9E4327E3FD90}.Debug|Any CPU.ActiveCfg = Debug|Any CPU
		{433068DD-F88E-4080-B2D2-9E4327E3FD90}.Debug|Any CPU.Build.0 = Debug|Any CPU
		{433068DD-F88E-4080-B2D2-9E4327E3FD90}.Release|Any CPU.ActiveCfg = Release|Any CPU
		{433068DD-F88E-4080-B2D2-9E4327E3FD90}.Release|Any CPU.Build.0 = Release|Any CPU
	EndGlobalSection
	GlobalSection(SolutionProperties) = preSolution
		HideSolutionNode = FALSE
	EndGlobalSection
	GlobalSection(ExtensibilityGlobals) = postSolution
		SolutionGuid = {F2E64478-315A-4FE5-AC00-8D25AC2B65AB}
	EndGlobalSection
EndGlobal
